// !$*UTF8*$!
{
	archiveVersion = 1;
	classes = {
	};
	objectVersion = 50;
	objects = {

/* Begin PBXBuildFile section */
		FE4EF1A02709DC1600EA6052 /* AppDelegate.swift in Sources */ = {isa = PBXBuildFile; fileRef = FE4EF19F2709DC1600EA6052 /* AppDelegate.swift */; };
		FE4EF1A22709DC1600EA6052 /* SceneDelegate.swift in Sources */ = {isa = PBXBuildFile; fileRef = FE4EF1A12709DC1600EA6052 /* SceneDelegate.swift */; };
		FE4EF1A42709DC1600EA6052 /* ViewController.swift in Sources */ = {isa = PBXBuildFile; fileRef = FE4EF1A32709DC1600EA6052 /* ViewController.swift */; };
		FE4EF1A72709DC1700EA6052 /* Main.storyboard in Resources */ = {isa = PBXBuildFile; fileRef = FE4EF1A52709DC1700EA6052 /* Main.storyboard */; };
		FE4EF1A92709DC6200EA6052 /* Assets.xcassets in Resources */ = {isa = PBXBuildFile; fileRef = FE4EF1A82709DC6200EA6052 /* Assets.xcassets */; };
		FE4EF1AC2709DC6200EA6052 /* LaunchScreen.storyboard in Resources */ = {isa = PBXBuildFile; fileRef = FE4EF1AA2709DC6200EA6052 /* LaunchScreen.storyboard */; };
/* End PBXBuildFile section */

/* Begin PBXFileReference section */
		FE4EF19C2709DC1600EA6052 /* SeachPlaces-Google.app */ = {isa = PBXFileReference; explicitFileType = wrapper.application; includeInIndex = 0; path = "SeachPlaces-Google.app"; sourceTree = BUILT_PRODUCTS_DIR; };
		FE4EF19F2709DC1600EA6052 /* AppDelegate.swift */ = {isa = PBXFileReference; lastKnownFileType = sourcecode.swift; path = AppDelegate.swift; sourceTree = "<group>"; };
		FE4EF1A12709DC1600EA6052 /* SceneDelegate.swift */ = {isa = PBXFileReference; lastKnownFileType = sourcecode.swift; path = SceneDelegate.swift; sourceTree = "<group>"; };
		FE4EF1A32709DC1600EA6052 /* ViewController.swift */ = {isa = PBXFileReference; lastKnownFileType = sourcecode.swift; path = ViewController.swift; sourceTree = "<group>"; };
		FE4EF1A62709DC1700EA6052 /* Base */ = {isa = PBXFileReference; lastKnownFileType = file.storyboard; name = Base; path = Base.lproj/Main.storyboard; sourceTree = "<group>"; };
		FE4EF1A82709DC6200EA6052 /* Assets.xcassets */ = {isa = PBXFileReference; lastKnownFileType = folder.assetcatalog; path = Assets.xcassets; sourceTree = "<group>"; };
		FE4EF1AB2709DC6200EA6052 /* Base */ = {isa = PBXFileReference; lastKnownFileType = file.storyboard; name = Base; path = Base.lproj/LaunchScreen.storyboard; sourceTree = "<group>"; };
		FE4EF1AD2709DC6200EA6052 /* Info.plist */ = {isa = PBXFileReference; lastKnownFileType = text.plist.xml; path = Info.plist; sourceTree = "<group>"; };
/* End PBXFileReference section */

/* Begin PBXFrameworksBuildPhase section */
		FE4EF1992709DC1600EA6052 /* Frameworks */ = {
			isa = PBXFrameworksBuildPhase;
			buildActionMask = 2147483647;
			files = (
			);
			runOnlyForDeploymentPostprocessing = 0;
		};
/* End PBXFrameworksBuildPhase section */

/* Begin PBXGroup section */
		FE4EF1932709DC1600EA6052 = {
			isa = PBXGroup;
			children = (
				FE4EF19E2709DC1600EA6052 /* SeachPlaces-Google */,
				FE4EF19D2709DC1600EA6052 /* Products */,
			);
			sourceTree = "<group>";
		};
		FE4EF19D2709DC1600EA6052 /* Products */ = {
			isa = PBXGroup;
			children = (
				FE4EF19C2709DC1600EA6052 /* SeachPlaces-Google.app */,
			);
			name = Products;
			sourceTree = "<group>";
		};
		FE4EF19E2709DC1600EA6052 /* SeachPlaces-Google */ = {
			isa = PBXGroup;
			children = (
				FE4EF19F2709DC1600EA6052 /* AppDelegate.swift */,
				FE4EF1A12709DC1600EA6052 /* SceneDelegate.swift */,
				FE4EF1A32709DC1600EA6052 /* ViewController.swift */,
				FE4EF1A52709DC1700EA6052 /* Main.storyboard */,
				FE4EF1A82709DC6200EA6052 /* Assets.xcassets */,
				FE4EF1AA2709DC6200EA6052 /* LaunchScreen.storyboard */,
				FE4EF1AD2709DC6200EA6052 /* Info.plist */,
			);
			path = "SeachPlaces-Google";
			sourceTree = "<group>";
		};
/* End PBXGroup section */

/* Begin PBXNativeTarget section */
		FE4EF19B2709DC1600EA6052 /* SeachPlaces-Google */ = {
			isa = PBXNativeTarget;
			buildConfigurationList = FE4EF1B02709DC6200EA6052 /* Build configuration list for PBXNativeTarget "SeachPlaces-Google" */;
			buildPhases = (
				FE4EF1982709DC1600EA6052 /* Sources */,
				FE4EF1992709DC1600EA6052 /* Frameworks */,
				FE4EF19A2709DC1600EA6052 /* Resources */,
			);
			buildRules = (
			);
			dependencies = (
			);
			name = "SeachPlaces-Google";
			productName = "SeachPlaces-Google";
			productReference = FE4EF19C2709DC1600EA6052 /* SeachPlaces-Google.app */;
			productType = "com.apple.product-type.application";
		};
/* End PBXNativeTarget section */

/* Begin PBXProject section */
		FE4EF1942709DC1600EA6052 /* Project object */ = {
			isa = PBXProject;
			attributes = {
				LastSwiftUpdateCheck = 1240;
				LastUpgradeCheck = 1240;
				TargetAttributes = {
					FE4EF19B2709DC1600EA6052 = {
						CreatedOnToolsVersion = 12.4;
					};
				};
			};
			buildConfigurationList = FE4EF1972709DC1600EA6052 /* Build configuration list for PBXProject "SeachPlaces-Google" */;
			compatibilityVersion = "Xcode 9.3";
			developmentRegion = en;
			hasScannedForEncodings = 0;
			knownRegions = (
				en,
				Base,
			);
			mainGroup = FE4EF1932709DC1600EA6052;
			productRefGroup = FE4EF19D2709DC1600EA6052 /* Products */;
			projectDirPath = "";
			projectRoot = "";
			targets = (
				FE4EF19B2709DC1600EA6052 /* SeachPlaces-Google */,
			);
		};
/* End PBXProject section */

/* Begin PBXResourcesBuildPhase section */
		FE4EF19A2709DC1600EA6052 /* Resources */ = {
			isa = PBXResourcesBuildPhase;
			buildActionMask = 2147483647;
			files = (
				FE4EF1AC2709DC6200EA6052 /* LaunchScreen.storyboard in Resources */,
				FE4EF1A92709DC6200EA6052 /* Assets.xcassets in Resources */,
				FE4EF1A72709DC1700EA6052 /* Main.storyboard in Resources */,
			);
			runOnlyForDeploymentPostprocessing = 0;
		};
/* End PBXResourcesBuildPhase section */

/* Begin PBXSourcesBuildPhase section */
		FE4EF1982709DC1600EA6052 /* Sources */ = {
			isa = PBXSourcesBuildPhase;
			buildActionMask = 2147483647;
			files = (
				FE4EF1A42709DC1600EA6052 /* ViewController.swift in Sources */,
				FE4EF1A02709DC1600EA6052 /* AppDelegate.swift in Sources */,
				FE4EF1A22709DC1600EA6052 /* SceneDelegate.swift in Sources */,
			);
			runOnlyForDeploymentPostprocessing = 0;
		};
/* End PBXSourcesBuildPhase section */

/* Begin PBXVariantGroup section */
		FE4EF1A52709DC1700EA6052 /* Main.storyboard */ = {
			isa = PBXVariantGroup;
			children = (
				FE4EF1A62709DC1700EA6052 /* Base */,
			);
			name = Main.storyboard;
			sourceTree = "<group>";
		};
		FE4EF1AA2709DC6200EA6052 /* LaunchScreen.storyboard */ = {
			isa = PBXVariantGroup;
			children = (
				FE4EF1AB2709DC6200EA6052 /* Base */,
			);
			name = LaunchScreen.storyboard;
			sourceTree = "<group>";
		};
/* End PBXVariantGroup section */

/* Begin XCBuildConfiguration section */
		FE4EF1AE2709DC6200EA6052 /* Debug */ = {
			isa = XCBuildConfiguration;
			buildSettings = {
				ALWAYS_SEARCH_USER_PATHS = NO;
				CLANG_ANALYZER_NONNULL = YES;
				CLANG_ANALYZER_NUMBER_OBJECT_CONVERSION = YES_AGGRESSIVE;
				CLANG_CXX_LANGUAGE_STANDARD = "gnu++14";
				CLANG_CXX_LIBRARY = "libc++";
				CLANG_ENABLE_MODULES = YES;
				CLANG_ENABLE_OBJC_ARC = YES;
				CLANG_ENABLE_OBJC_WEAK = YES;
				CLANG_WARN_BLOCK_CAPTURE_AUTORELEASING = YES;
				CLANG_WARN_BOOL_CONVERSION = YES;
				CLANG_WARN_COMMA = YES;
				CLANG_WARN_CONSTANT_CONVERSION = YES;
				CLANG_WARN_DEPRECATED_OBJC_IMPLEMENTATIONS = YES;
				CLANG_WARN_DIRECT_OBJC_ISA_USAGE = YES_ERROR;
				CLANG_WARN_DOCUMENTATION_COMMENTS = YES;
				CLANG_WARN_EMPTY_BODY = YES;
				CLANG_WARN_ENUM_CONVERSION = YES;
				CLANG_WARN_INFINITE_RECURSION = YES;
				CLANG_WARN_INT_CONVERSION = YES;
				CLANG_WARN_NON_LITERAL_NULL_CONVERSION = YES;
				CLANG_WARN_OBJC_IMPLICIT_RETAIN_SELF = YES;
				CLANG_WARN_OBJC_LITERAL_CONVERSION = YES;
				CLANG_WARN_OBJC_ROOT_CLASS = YES_ERROR;
				CLANG_WARN_QUOTED_INCLUDE_IN_FRAMEWORK_HEADER = YES;
				CLANG_WARN_RANGE_LOOP_ANALYSIS = YES;
				CLANG_WARN_STRICT_PROTOTYPES = YES;
				CLANG_WARN_SUSPICIOUS_MOVE = YES;
				CLANG_WARN_UNGUARDED_AVAILABILITY = YES_AGGRESSIVE;
				CLANG_WARN_UNREACHABLE_CODE = YES;
				CLANG_WARN__DUPLICATE_METHOD_MATCH = YES;
				COPY_PHASE_STRIP = NO;
				DEBUG_INFORMATION_FORMAT = dwarf;
				ENABLE_STRICT_OBJC_MSGSEND = YES;
				ENABLE_TESTABILITY = YES;
				GCC_C_LANGUAGE_STANDARD = gnu11;
				GCC_DYNAMIC_NO_PIC = NO;
				GCC_NO_COMMON_BLOCKS = YES;
				GCC_OPTIMIZATION_LEVEL = 0;
				GCC_PREPROCESSOR_DEFINITIONS = (
					"DEBUG=1",
					"$(inherited)",
				);
				GCC_WARN_64_TO_32_BIT_CONVERSION = YES;
				GCC_WARN_ABOUT_RETURN_TYPE = YES_ERROR;
				GCC_WARN_UNDECLARED_SELECTOR = YES;
				GCC_WARN_UNINITIALIZED_AUTOS = YES_AGGRESSIVE;
				GCC_WARN_UNUSED_FUNCTION = YES;
				GCC_WARN_UNUSED_VARIABLE = YES;
				IPHONEOS_DEPLOYMENT_TARGET = 14.4;
				MTL_ENABLE_DEBUG_INFO = INCLUDE_SOURCE;
				MTL_FAST_MATH = YES;
				ONLY_ACTIVE_ARCH = YES;
				SDKROOT = iphoneos;
				SWIFT_ACTIVE_COMPILATION_CONDITIONS = DEBUG;
				SWIFT_OPTIMIZATION_LEVEL = "-Onone";
			};
			name = Debug;
		};
		FE4EF1AF2709DC6200EA6052 /* Release */ = {
			isa = XCBuildConfiguration;
			buildSettings = {
				ALWAYS_SEARCH_USER_PATHS = NO;
				CLANG_ANALYZER_NONNULL = YES;
				CLANG_ANALYZER_NUMBER_OBJECT_CONVERSION = YES_AGGRESSIVE;
				CLANG_CXX_LANGUAGE_STANDARD = "gnu++14";
				CLANG_CXX_LIBRARY = "libc++";
				CLANG_ENABLE_MODULES = YES;
				CLANG_ENABLE_OBJC_ARC = YES;
				CLANG_ENABLE_OBJC_WEAK = YES;
				CLANG_WARN_BLOCK_CAPTURE_AUTORELEASING = YES;
				CLANG_WARN_BOOL_CONVERSION = YES;
				CLANG_WARN_COMMA = YES;
				CLANG_WARN_CONSTANT_CONVERSION = YES;
				CLANG_WARN_DEPRECATED_OBJC_IMPLEMENTATIONS = YES;
				CLANG_WARN_DIRECT_OBJC_ISA_USAGE = YES_ERROR;
				CLANG_WARN_DOCUMENTATION_COMMENTS = YES;
				CLANG_WARN_EMPTY_BODY = YES;
				CLANG_WARN_ENUM_CONVERSION = YES;
				CLANG_WARN_INFINITE_RECURSION = YES;
				CLANG_WARN_INT_CONVERSION = YES;
				CLANG_WARN_NON_LITERAL_NULL_CONVERSION = YES;
				CLANG_WARN_OBJC_IMPLICIT_RETAIN_SELF = YES;
				CLANG_WARN_OBJC_LITERAL_CONVERSION = YES;
				CLANG_WARN_OBJC_ROOT_CLASS = YES_ERROR;
				CLANG_WARN_QUOTED_INCLUDE_IN_FRAMEWORK_HEADER = YES;
				CLANG_WARN_RANGE_LOOP_ANALYSIS = YES;
				CLANG_WARN_STRICT_PROTOTYPES = YES;
				CLANG_WARN_SUSPICIOUS_MOVE = YES;
				CLANG_WARN_UNGUARDED_AVAILABILITY = YES_AGGRESSIVE;
				CLANG_WARN_UNREACHABLE_CODE = YES;
				CLANG_WARN__DUPLICATE_METHOD_MATCH = YES;
				COPY_PHASE_STRIP = NO;
				DEBUG_INFORMATION_FORMAT = "dwarf-with-dsym";
				ENABLE_NS_ASSERTIONS = NO;
				ENABLE_STRICT_OBJC_MSGSEND = YES;
				GCC_C_LANGUAGE_STANDARD = gnu11;
				GCC_NO_COMMON_BLOCKS = YES;
				GCC_WARN_64_TO_32_BIT_CONVERSION = YES;
				GCC_WARN_ABOUT_RETURN_TYPE = YES_ERROR;
				GCC_WARN_UNDECLARED_SELECTOR = YES;
				GCC_WARN_UNINITIALIZED_AUTOS = YES_AGGRESSIVE;
				GCC_WARN_UNUSED_FUNCTION = YES;
				GCC_WARN_UNUSED_VARIABLE = YES;
				IPHONEOS_DEPLOYMENT_TARGET = 14.4;
				MTL_ENABLE_DEBUG_INFO = NO;
				MTL_FAST_MATH = YES;
				SDKROOT = iphoneos;
				SWIFT_COMPILATION_MODE = wholemodule;
				SWIFT_OPTIMIZATION_LEVEL = "-O";
				VALIDATE_PRODUCT = YES;
			};
			name = Release;
		};
		FE4EF1B12709DC6200EA6052 /* Debug */ = {
			isa = XCBuildConfiguration;
			buildSettings = {
				ASSETCATALOG_COMPILER_APPICON_NAME = AppIcon;
				ASSETCATALOG_COMPILER_GLOBAL_ACCENT_COLOR_NAME = AccentColor;
				CODE_SIGN_STYLE = Automatic;
				INFOPLIST_FILE = "SeachPlaces-Google/Info.plist";
				LD_RUNPATH_SEARCH_PATHS = (
					"$(inherited)",
					"@executable_path/Frameworks",
				);
				PRODUCT_BUNDLE_IDENTIFIER = "com.evvrajesh.SeachPlaces-Google";
				PRODUCT_NAME = "$(TARGET_NAME)";
				SWIFT_VERSION = 5.0;
				TARGETED_DEVICE_FAMILY = "1,2";
			};
			name = Debug;
		};
		FE4EF1B22709DC6200EA6052 /* Release */ = {
			isa = XCBuildConfiguration;
			buildSettings = {
				ASSETCATALOG_COMPILER_APPICON_NAME = AppIcon;
				ASSETCATALOG_COMPILER_GLOBAL_ACCENT_COLOR_NAME = AccentColor;
				CODE_SIGN_STYLE = Automatic;
				INFOPLIST_FILE = "SeachPlaces-Google/Info.plist";
				LD_RUNPATH_SEARCH_PATHS = (
					"$(inherited)",
					"@executable_path/Frameworks",
				);
				PRODUCT_BUNDLE_IDENTIFIER = "com.evvrajesh.SeachPlaces-Google";
				PRODUCT_NAME = "$(TARGET_NAME)";
				SWIFT_VERSION = 5.0;
				TARGETED_DEVICE_FAMILY = "1,2";
			};
			name = Release;
		};
/* End XCBuildConfiguration section */

/* Begin XCConfigurationList section */
		FE4EF1972709DC1600EA6052 /* Build configuration list for PBXProject "SeachPlaces-Google" */ = {
			isa = XCConfigurationList;
			buildConfigurations = (
				FE4EF1AE2709DC6200EA6052 /* Debug */,
				FE4EF1AF2709DC6200EA6052 /* Release */,
			);
			defaultConfigurationIsVisible = 0;
			defaultConfigurationName = Release;
		};
		FE4EF1B02709DC6200EA6052 /* Build configuration list for PBXNativeTarget "SeachPlaces-Google" */ = {
			isa = XCConfigurationList;
			buildConfigurations = (
				FE4EF1B12709DC6200EA6052 /* Debug */,
				FE4EF1B22709DC6200EA6052 /* Release */,
			);
			defaultConfigurationIsVisible = 0;
			defaultConfigurationName = Release;
		};
/* End XCConfigurationList section */
	};
	rootObject = FE4EF1942709DC1600EA6052 /* Project object */;
}
